// !$*UTF8*$!
{
	archiveVersion = 1;
	classes = {
	};
	objectVersion = 55;
	objects = {

/* Begin PBXBuildFile section */
		CB3C650B280D01D400C8E373 /* AppDelegate.swift in Sources */ = {isa = PBXBuildFile; fileRef = CB3C650A280D01D400C8E373 /* AppDelegate.swift */; };
		CB3C650D280D01D400C8E373 /* SceneDelegate.swift in Sources */ = {isa = PBXBuildFile; fileRef = CB3C650C280D01D400C8E373 /* SceneDelegate.swift */; };
		CB3C650F280D01D400C8E373 /* WeatherViewController.swift in Sources */ = {isa = PBXBuildFile; fileRef = CB3C650E280D01D400C8E373 /* WeatherViewController.swift */; };
		CB3C6512280D01D400C8E373 /* Main.storyboard in Resources */ = {isa = PBXBuildFile; fileRef = CB3C6510280D01D400C8E373 /* Main.storyboard */; };
		CB3C6514280D01D600C8E373 /* Assets.xcassets in Resources */ = {isa = PBXBuildFile; fileRef = CB3C6513280D01D600C8E373 /* Assets.xcassets */; };
		CB3C6517280D01D600C8E373 /* LaunchScreen.storyboard in Resources */ = {isa = PBXBuildFile; fileRef = CB3C6515280D01D600C8E373 /* LaunchScreen.storyboard */; };
		CB3C651F280D11EB00C8E373 /* WeatherTableViewCell.swift in Sources */ = {isa = PBXBuildFile; fileRef = CB3C651E280D11EB00C8E373 /* WeatherTableViewCell.swift */; };
		CB3C6521280D22B400C8E373 /* WeatherModel.swift in Sources */ = {isa = PBXBuildFile; fileRef = CB3C6520280D22B400C8E373 /* WeatherModel.swift */; };
		CB3C6523280D293100C8E373 /* WeatherNetwork.swift in Sources */ = {isa = PBXBuildFile; fileRef = CB3C6522280D293100C8E373 /* WeatherNetwork.swift */; };
		CB3C6525280D293900C8E373 /* WeatherViewModel.swift in Sources */ = {isa = PBXBuildFile; fileRef = CB3C6524280D293900C8E373 /* WeatherViewModel.swift */; };
		CB3C6527280E637100C8E373 /* WeatherRepository.swift in Sources */ = {isa = PBXBuildFile; fileRef = CB3C6526280E637000C8E373 /* WeatherRepository.swift */; };
		CB3C6529280E663600C8E373 /* LocationModel.swift in Sources */ = {isa = PBXBuildFile; fileRef = CB3C6528280E663600C8E373 /* LocationModel.swift */; };
/* End PBXBuildFile section */

/* Begin PBXFileReference section */
		CB3C6507280D01D400C8E373 /* WeatherList.app */ = {isa = PBXFileReference; explicitFileType = wrapper.application; includeInIndex = 0; path = WeatherList.app; sourceTree = BUILT_PRODUCTS_DIR; };
		CB3C650A280D01D400C8E373 /* AppDelegate.swift */ = {isa = PBXFileReference; lastKnownFileType = sourcecode.swift; path = AppDelegate.swift; sourceTree = "<group>"; };
		CB3C650C280D01D400C8E373 /* SceneDelegate.swift */ = {isa = PBXFileReference; lastKnownFileType = sourcecode.swift; path = SceneDelegate.swift; sourceTree = "<group>"; };
		CB3C650E280D01D400C8E373 /* WeatherViewController.swift */ = {isa = PBXFileReference; lastKnownFileType = sourcecode.swift; path = WeatherViewController.swift; sourceTree = "<group>"; };
		CB3C6511280D01D400C8E373 /* Base */ = {isa = PBXFileReference; lastKnownFileType = file.storyboard; name = Base; path = Base.lproj/Main.storyboard; sourceTree = "<group>"; };
		CB3C6513280D01D600C8E373 /* Assets.xcassets */ = {isa = PBXFileReference; lastKnownFileType = folder.assetcatalog; path = Assets.xcassets; sourceTree = "<group>"; };
		CB3C6516280D01D600C8E373 /* Base */ = {isa = PBXFileReference; lastKnownFileType = file.storyboard; name = Base; path = Base.lproj/LaunchScreen.storyboard; sourceTree = "<group>"; };
		CB3C6518280D01D600C8E373 /* Info.plist */ = {isa = PBXFileReference; lastKnownFileType = text.plist.xml; path = Info.plist; sourceTree = "<group>"; };
		CB3C651E280D11EB00C8E373 /* WeatherTableViewCell.swift */ = {isa = PBXFileReference; lastKnownFileType = sourcecode.swift; path = WeatherTableViewCell.swift; sourceTree = "<group>"; };
		CB3C6520280D22B400C8E373 /* WeatherModel.swift */ = {isa = PBXFileReference; lastKnownFileType = sourcecode.swift; path = WeatherModel.swift; sourceTree = "<group>"; };
		CB3C6522280D293100C8E373 /* WeatherNetwork.swift */ = {isa = PBXFileReference; lastKnownFileType = sourcecode.swift; path = WeatherNetwork.swift; sourceTree = "<group>"; };
		CB3C6524280D293900C8E373 /* WeatherViewModel.swift */ = {isa = PBXFileReference; lastKnownFileType = sourcecode.swift; path = WeatherViewModel.swift; sourceTree = "<group>"; };
		CB3C6526280E637000C8E373 /* WeatherRepository.swift */ = {isa = PBXFileReference; lastKnownFileType = sourcecode.swift; path = WeatherRepository.swift; sourceTree = "<group>"; };
		CB3C6528280E663600C8E373 /* LocationModel.swift */ = {isa = PBXFileReference; lastKnownFileType = sourcecode.swift; path = LocationModel.swift; sourceTree = "<group>"; };
/* End PBXFileReference section */

/* Begin PBXFrameworksBuildPhase section */
		CB3C6504280D01D400C8E373 /* Frameworks */ = {
			isa = PBXFrameworksBuildPhase;
			buildActionMask = 2147483647;
			files = (
			);
			runOnlyForDeploymentPostprocessing = 0;
		};
/* End PBXFrameworksBuildPhase section */

/* Begin PBXGroup section */
		CB3C64FE280D01D400C8E373 = {
			isa = PBXGroup;
			children = (
				CB3C6509280D01D400C8E373 /* WeatherList */,
				CB3C6508280D01D400C8E373 /* Products */,
			);
			sourceTree = "<group>";
		};
		CB3C6508280D01D400C8E373 /* Products */ = {
			isa = PBXGroup;
			children = (
				CB3C6507280D01D400C8E373 /* WeatherList.app */,
			);
			name = Products;
			sourceTree = "<group>";
		};
		CB3C6509280D01D400C8E373 /* WeatherList */ = {
			isa = PBXGroup;
			children = (
				CB3C650A280D01D400C8E373 /* AppDelegate.swift */,
				CB3C650C280D01D400C8E373 /* SceneDelegate.swift */,
				CB3C650E280D01D400C8E373 /* WeatherViewController.swift */,
				CB3C651E280D11EB00C8E373 /* WeatherTableViewCell.swift */,
				CB3C6520280D22B400C8E373 /* WeatherModel.swift */,
				CB3C6524280D293900C8E373 /* WeatherViewModel.swift */,
				CB3C6522280D293100C8E373 /* WeatherNetwork.swift */,
				CB3C6510280D01D400C8E373 /* Main.storyboard */,
				CB3C6513280D01D600C8E373 /* Assets.xcassets */,
				CB3C6515280D01D600C8E373 /* LaunchScreen.storyboard */,
				CB3C6518280D01D600C8E373 /* Info.plist */,
				CB3C6526280E637000C8E373 /* WeatherRepository.swift */,
				CB3C6528280E663600C8E373 /* LocationModel.swift */,
			);
			path = WeatherList;
			sourceTree = "<group>";
		};
/* End PBXGroup section */

/* Begin PBXNativeTarget section */
		CB3C6506280D01D400C8E373 /* WeatherList */ = {
			isa = PBXNativeTarget;
			buildConfigurationList = CB3C651B280D01D600C8E373 /* Build configuration list for PBXNativeTarget "WeatherList" */;
			buildPhases = (
				CB3C6503280D01D400C8E373 /* Sources */,
				CB3C6504280D01D400C8E373 /* Frameworks */,
				CB3C6505280D01D400C8E373 /* Resources */,
			);
			buildRules = (
			);
			dependencies = (
			);
			name = WeatherList;
			productName = WeatherList;
			productReference = CB3C6507280D01D400C8E373 /* WeatherList.app */;
			productType = "com.apple.product-type.application";
		};
/* End PBXNativeTarget section */

/* Begin PBXProject section */
		CB3C64FF280D01D400C8E373 /* Project object */ = {
			isa = PBXProject;
			attributes = {
				BuildIndependentTargetsInParallel = 1;
				LastSwiftUpdateCheck = 1330;
				LastUpgradeCheck = 1330;
				TargetAttributes = {
					CB3C6506280D01D400C8E373 = {
						CreatedOnToolsVersion = 13.3.1;
					};
				};
			};
			buildConfigurationList = CB3C6502280D01D400C8E373 /* Build configuration list for PBXProject "WeatherList" */;
			compatibilityVersion = "Xcode 13.0";
			developmentRegion = en;
			hasScannedForEncodings = 0;
			knownRegions = (
				en,
				Base,
			);
			mainGroup = CB3C64FE280D01D400C8E373;
			productRefGroup = CB3C6508280D01D400C8E373 /* Products */;
			projectDirPath = "";
			projectRoot = "";
			targets = (
				CB3C6506280D01D400C8E373 /* WeatherList */,
			);
		};
/* End PBXProject section */

/* Begin PBXResourcesBuildPhase section */
		CB3C6505280D01D400C8E373 /* Resources */ = {
			isa = PBXResourcesBuildPhase;
			buildActionMask = 2147483647;
			files = (
				CB3C6517280D01D600C8E373 /* LaunchScreen.storyboard in Resources */,
				CB3C6514280D01D600C8E373 /* Assets.xcassets in Resources */,
				CB3C6512280D01D400C8E373 /* Main.storyboard in Resources */,
			);
			runOnlyForDeploymentPostprocessing = 0;
		};
/* End PBXResourcesBuildPhase section */

/* Begin PBXSourcesBuildPhase section */
		CB3C6503280D01D400C8E373 /* Sources */ = {
			isa = PBXSourcesBuildPhase;
			buildActionMask = 2147483647;
			files = (
				CB3C6521280D22B400C8E373 /* WeatherModel.swift in Sources */,
				CB3C651F280D11EB00C8E373 /* WeatherTableViewCell.swift in Sources */,
				CB3C6523280D293100C8E373 /* WeatherNetwork.swift in Sources */,
				CB3C6527280E637100C8E373 /* WeatherRepository.swift in Sources */,
				CB3C650F280D01D400C8E373 /* WeatherViewController.swift in Sources */,
				CB3C650B280D01D400C8E373 /* AppDelegate.swift in Sources */,
				CB3C650D280D01D400C8E373 /* SceneDelegate.swift in Sources */,
				CB3C6525280D293900C8E373 /* WeatherViewModel.swift in Sources */,
				CB3C6529280E663600C8E373 /* LocationModel.swift in Sources */,
			);
			runOnlyForDeploymentPostprocessing = 0;
		};
/* End PBXSourcesBuildPhase section */

/* Begin PBXVariantGroup section */
		CB3C6510280D01D400C8E373 /* Main.storyboard */ = {
			isa = PBXVariantGroup;
			children = (
				CB3C6511280D01D400C8E373 /* Base */,
			);
			name = Main.storyboard;
			sourceTree = "<group>";
		};
		CB3C6515280D01D600C8E373 /* LaunchScreen.storyboard */ = {
			isa = PBXVariantGroup;
			children = (
				CB3C6516280D01D600C8E373 /* Base */,
			);
			name = LaunchScreen.storyboard;
			sourceTree = "<group>";
		};
/* End PBXVariantGroup section */

/* Begin XCBuildConfiguration section */
		CB3C6519280D01D600C8E373 /* Debug */ = {
			isa = XCBuildConfiguration;
			buildSettings = {
				ALWAYS_SEARCH_USER_PATHS = NO;
				CLANG_ANALYZER_NONNULL = YES;
				CLANG_ANALYZER_NUMBER_OBJECT_CONVERSION = YES_AGGRESSIVE;
				CLANG_CXX_LANGUAGE_STANDARD = "gnu++17";
				CLANG_ENABLE_MODULES = YES;
				CLANG_ENABLE_OBJC_ARC = YES;
				CLANG_ENABLE_OBJC_WEAK = YES;
				CLANG_WARN_BLOCK_CAPTURE_AUTORELEASING = YES;
				CLANG_WARN_BOOL_CONVERSION = YES;
				CLANG_WARN_COMMA = YES;
				CLANG_WARN_CONSTANT_CONVERSION = YES;
				CLANG_WARN_DEPRECATED_OBJC_IMPLEMENTATIONS = YES;
				CLANG_WARN_DIRECT_OBJC_ISA_USAGE = YES_ERROR;
				CLANG_WARN_DOCUMENTATION_COMMENTS = YES;
				CLANG_WARN_EMPTY_BODY = YES;
				CLANG_WARN_ENUM_CONVERSION = YES;
				CLANG_WARN_INFINITE_RECURSION = YES;
				CLANG_WARN_INT_CONVERSION = YES;
				CLANG_WARN_NON_LITERAL_NULL_CONVERSION = YES;
				CLANG_WARN_OBJC_IMPLICIT_RETAIN_SELF = YES;
				CLANG_WARN_OBJC_LITERAL_CONVERSION = YES;
				CLANG_WARN_OBJC_ROOT_CLASS = YES_ERROR;
				CLANG_WARN_QUOTED_INCLUDE_IN_FRAMEWORK_HEADER = YES;
				CLANG_WARN_RANGE_LOOP_ANALYSIS = YES;
				CLANG_WARN_STRICT_PROTOTYPES = YES;
				CLANG_WARN_SUSPICIOUS_MOVE = YES;
				CLANG_WARN_UNGUARDED_AVAILABILITY = YES_AGGRESSIVE;
				CLANG_WARN_UNREACHABLE_CODE = YES;
				CLANG_WARN__DUPLICATE_METHOD_MATCH = YES;
				COPY_PHASE_STRIP = NO;
				DEBUG_INFORMATION_FORMAT = dwarf;
				ENABLE_STRICT_OBJC_MSGSEND = YES;
				ENABLE_TESTABILITY = YES;
				GCC_C_LANGUAGE_STANDARD = gnu11;
				GCC_DYNAMIC_NO_PIC = NO;
				GCC_NO_COMMON_BLOCKS = YES;
				GCC_OPTIMIZATION_LEVEL = 0;
				GCC_PREPROCESSOR_DEFINITIONS = (
					"DEBUG=1",
					"$(inherited)",
				);
				GCC_WARN_64_TO_32_BIT_CONVERSION = YES;
				GCC_WARN_ABOUT_RETURN_TYPE = YES_ERROR;
				GCC_WARN_UNDECLARED_SELECTOR = YES;
				GCC_WARN_UNINITIALIZED_AUTOS = YES_AGGRESSIVE;
				GCC_WARN_UNUSED_FUNCTION = YES;
				GCC_WARN_UNUSED_VARIABLE = YES;
				IPHONEOS_DEPLOYMENT_TARGET = 15.4;
				MTL_ENABLE_DEBUG_INFO = INCLUDE_SOURCE;
				MTL_FAST_MATH = YES;
				ONLY_ACTIVE_ARCH = YES;
				SDKROOT = iphoneos;
				SWIFT_ACTIVE_COMPILATION_CONDITIONS = DEBUG;
				SWIFT_OPTIMIZATION_LEVEL = "-Onone";
			};
			name = Debug;
		};
		CB3C651A280D01D600C8E373 /* Release */ = {
			isa = XCBuildConfiguration;
			buildSettings = {
				ALWAYS_SEARCH_USER_PATHS = NO;
				CLANG_ANALYZER_NONNULL = YES;
				CLANG_ANALYZER_NUMBER_OBJECT_CONVERSION = YES_AGGRESSIVE;
				CLANG_CXX_LANGUAGE_STANDARD = "gnu++17";
				CLANG_ENABLE_MODULES = YES;
				CLANG_ENABLE_OBJC_ARC = YES;
				CLANG_ENABLE_OBJC_WEAK = YES;
				CLANG_WARN_BLOCK_CAPTURE_AUTORELEASING = YES;
				CLANG_WARN_BOOL_CONVERSION = YES;
				CLANG_WARN_COMMA = YES;
				CLANG_WARN_CONSTANT_CONVERSION = YES;
				CLANG_WARN_DEPRECATED_OBJC_IMPLEMENTATIONS = YES;
				CLANG_WARN_DIRECT_OBJC_ISA_USAGE = YES_ERROR;
				CLANG_WARN_DOCUMENTATION_COMMENTS = YES;
				CLANG_WARN_EMPTY_BODY = YES;
				CLANG_WARN_ENUM_CONVERSION = YES;
				CLANG_WARN_INFINITE_RECURSION = YES;
				CLANG_WARN_INT_CONVERSION = YES;
				CLANG_WARN_NON_LITERAL_NULL_CONVERSION = YES;
				CLANG_WARN_OBJC_IMPLICIT_RETAIN_SELF = YES;
				CLANG_WARN_OBJC_LITERAL_CONVERSION = YES;
				CLANG_WARN_OBJC_ROOT_CLASS = YES_ERROR;
				CLANG_WARN_QUOTED_INCLUDE_IN_FRAMEWORK_HEADER = YES;
				CLANG_WARN_RANGE_LOOP_ANALYSIS = YES;
				CLANG_WARN_STRICT_PROTOTYPES = YES;
				CLANG_WARN_SUSPICIOUS_MOVE = YES;
				CLANG_WARN_UNGUARDED_AVAILABILITY = YES_AGGRESSIVE;
				CLANG_WARN_UNREACHABLE_CODE = YES;
				CLANG_WARN__DUPLICATE_METHOD_MATCH = YES;
				COPY_PHASE_STRIP = NO;
				DEBUG_INFORMATION_FORMAT = "dwarf-with-dsym";
				ENABLE_NS_ASSERTIONS = NO;
				ENABLE_STRICT_OBJC_MSGSEND = YES;
				GCC_C_LANGUAGE_STANDARD = gnu11;
				GCC_NO_COMMON_BLOCKS = YES;
				GCC_WARN_64_TO_32_BIT_CONVERSION = YES;
				GCC_WARN_ABOUT_RETURN_TYPE = YES_ERROR;
				GCC_WARN_UNDECLARED_SELECTOR = YES;
				GCC_WARN_UNINITIALIZED_AUTOS = YES_AGGRESSIVE;
				GCC_WARN_UNUSED_FUNCTION = YES;
				GCC_WARN_UNUSED_VARIABLE = YES;
				IPHONEOS_DEPLOYMENT_TARGET = 15.4;
				MTL_ENABLE_DEBUG_INFO = NO;
				MTL_FAST_MATH = YES;
				SDKROOT = iphoneos;
				SWIFT_COMPILATION_MODE = wholemodule;
				SWIFT_OPTIMIZATION_LEVEL = "-O";
				VALIDATE_PRODUCT = YES;
			};
			name = Release;
		};
		CB3C651C280D01D600C8E373 /* Debug */ = {
			isa = XCBuildConfiguration;
			buildSettings = {
				ASSETCATALOG_COMPILER_APPICON_NAME = AppIcon;
				ASSETCATALOG_COMPILER_GLOBAL_ACCENT_COLOR_NAME = AccentColor;
				CODE_SIGN_STYLE = Automatic;
				CURRENT_PROJECT_VERSION = 1;
				DEVELOPMENT_TEAM = 9ML8D6SAST;
				GENERATE_INFOPLIST_FILE = YES;
				INFOPLIST_FILE = WeatherList/Info.plist;
				INFOPLIST_KEY_UIApplicationSupportsIndirectInputEvents = YES;
				INFOPLIST_KEY_UILaunchStoryboardName = LaunchScreen;
				INFOPLIST_KEY_UIMainStoryboardFile = Main;
				INFOPLIST_KEY_UISupportedInterfaceOrientations_iPad = "UIInterfaceOrientationPortrait UIInterfaceOrientationPortraitUpsideDown UIInterfaceOrientationLandscapeLeft UIInterfaceOrientationLandscapeRight";
				INFOPLIST_KEY_UISupportedInterfaceOrientations_iPhone = "UIInterfaceOrientationPortrait UIInterfaceOrientationLandscapeLeft UIInterfaceOrientationLandscapeRight";
				LD_RUNPATH_SEARCH_PATHS = (
					"$(inherited)",
					"@executable_path/Frameworks",
				);
				MARKETING_VERSION = 1.0;
				PRODUCT_BUNDLE_IDENTIFIER = Ko.WeatherList;
				PRODUCT_NAME = "$(TARGET_NAME)";
				SWIFT_EMIT_LOC_STRINGS = YES;
				SWIFT_VERSION = 5.0;
				TARGETED_DEVICE_FAMILY = "1,2";
			};
			name = Debug;
		};
		CB3C651D280D01D600C8E373 /* Release */ = {
			isa = XCBuildConfiguration;
			buildSettings = {
				ASSETCATALOG_COMPILER_APPICON_NAME = AppIcon;
				ASSETCATALOG_COMPILER_GLOBAL_ACCENT_COLOR_NAME = AccentColor;
				CODE_SIGN_STYLE = Automatic;
				CURRENT_PROJECT_VERSION = 1;
				DEVELOPMENT_TEAM = 9ML8D6SAST;
				GENERATE_INFOPLIST_FILE = YES;
				INFOPLIST_FILE = WeatherList/Info.plist;
				INFOPLIST_KEY_UIApplicationSupportsIndirectInputEvents = YES;
				INFOPLIST_KEY_UILaunchStoryboardName = LaunchScreen;
				INFOPLIST_KEY_UIMainStoryboardFile = Main;
				INFOPLIST_KEY_UISupportedInterfaceOrientations_iPad = "UIInterfaceOrientationPortrait UIInterfaceOrientationPortraitUpsideDown UIInterfaceOrientationLandscapeLeft UIInterfaceOrientationLandscapeRight";
				INFOPLIST_KEY_UISupportedInterfaceOrientations_iPhone = "UIInterfaceOrientationPortrait UIInterfaceOrientationLandscapeLeft UIInterfaceOrientationLandscapeRight";
				LD_RUNPATH_SEARCH_PATHS = (
					"$(inherited)",
					"@executable_path/Frameworks",
				);
				MARKETING_VERSION = 1.0;
				PRODUCT_BUNDLE_IDENTIFIER = Ko.WeatherList;
				PRODUCT_NAME = "$(TARGET_NAME)";
				SWIFT_EMIT_LOC_STRINGS = YES;
				SWIFT_VERSION = 5.0;
				TARGETED_DEVICE_FAMILY = "1,2";
			};
			name = Release;
		};
/* End XCBuildConfiguration section */

/* Begin XCConfigurationList section */
		CB3C6502280D01D400C8E373 /* Build configuration list for PBXProject "WeatherList" */ = {
			isa = XCConfigurationList;
			buildConfigurations = (
				CB3C6519280D01D600C8E373 /* Debug */,
				CB3C651A280D01D600C8E373 /* Release */,
			);
			defaultConfigurationIsVisible = 0;
			defaultConfigurationName = Release;
		};
		CB3C651B280D01D600C8E373 /* Build configuration list for PBXNativeTarget "WeatherList" */ = {
			isa = XCConfigurationList;
			buildConfigurations = (
				CB3C651C280D01D600C8E373 /* Debug */,
				CB3C651D280D01D600C8E373 /* Release */,
			);
			defaultConfigurationIsVisible = 0;
			defaultConfigurationName = Release;
		};
/* End XCConfigurationList section */
	};
	rootObject = CB3C64FF280D01D400C8E373 /* Project object */;
}
